
Microsoft Visual Studio Solution File, Format Version 12.00
# Visual Studio Version 16
VisualStudioVersion = 16.0.30907.101
MinimumVisualStudioVersion = 10.0.40219.1
Project("{9A19103F-16F7-4668-BE54-9A1E7A4F7556}") = "ServicioAPI", "ServicioAPI\ServicioAPI.csproj", "{C1AA2BA3-12BD-46E8-BF71-E622309C651B}"
EndProject
Project("{9A19103F-16F7-4668-BE54-9A1E7A4F7556}") = "Common", "Common\Common.csproj", "{8A66B2BE-7F35-4609-AB3D-EC96B9DBF2EA}"
EndProject
Project("{FAE04EC0-301F-11D3-BF4B-00C04F79EFBC}") = "WebPage", "WebPage\WebPage.csproj", "{B54FBA41-C3E9-4B52-AADA-15AD6FC55E51}"
EndProject
Global
	GlobalSection(SolutionConfigurationPlatforms) = preSolution
		Debug|Any CPU = Debug|Any CPU
		Release|Any CPU = Release|Any CPU
	EndGlobalSection
	GlobalSection(ProjectConfigurationPlatforms) = postSolution
		{C1AA2BA3-12BD-46E8-BF71-E622309C651B}.Debug|Any CPU.ActiveCfg = Debug|Any CPU
		{C1AA2BA3-12BD-46E8-BF71-E622309C651B}.Debug|Any CPU.Build.0 = Debug|Any CPU
		{C1AA2BA3-12BD-46E8-BF71-E622309C651B}.Release|Any CPU.ActiveCfg = Release|Any CPU
		{C1AA2BA3-12BD-46E8-BF71-E622309C651B}.Release|Any CPU.Build.0 = Release|Any CPU
		{8A66B2BE-7F35-4609-AB3D-EC96B9DBF2EA}.Debug|Any CPU.ActiveCfg = Debug|Any CPU
		{8A66B2BE-7F35-4609-AB3D-EC96B9DBF2EA}.Debug|Any CPU.Build.0 = Debug|Any CPU
		{8A66B2BE-7F35-4609-AB3D-EC96B9DBF2EA}.Release|Any CPU.ActiveCfg = Release|Any CPU
		{8A66B2BE-7F35-4609-AB3D-EC96B9DBF2EA}.Release|Any CPU.Build.0 = Release|Any CPU
		{B54FBA41-C3E9-4B52-AADA-15AD6FC55E51}.Debug|Any CPU.ActiveCfg = Debug|Any CPU
		{B54FBA41-C3E9-4B52-AADA-15AD6FC55E51}.Debug|Any CPU.Build.0 = Debug|Any CPU
		{B54FBA41-C3E9-4B52-AADA-15AD6FC55E51}.Release|Any CPU.ActiveCfg = Release|Any CPU
		{B54FBA41-C3E9-4B52-AADA-15AD6FC55E51}.Release|Any CPU.Build.0 = Release|Any CPU
	EndGlobalSection
	GlobalSection(SolutionProperties) = preSolution
		HideSolutionNode = FALSE
	EndGlobalSection
	GlobalSection(ExtensibilityGlobals) = postSolution
		SolutionGuid = {81602993-82EB-4064-8CD5-D5F397C78313}
	EndGlobalSection
EndGlobal
